version = 1
revision = 3
requires-python = "==3.12.*"

[[package]]
name = "greenlet"
version = "3.5.0"
source = { registry = "https://pypi.org/simple" }
sdist = { url = "https://files.pythonhosted.org/packages/3c/3f/dbf99fb14bfeb88c28f16729215478c0e265cacd6dc22270c8f31bb6892f/greenlet-3.5.0.tar.gz", hash = "sha256:d419647372241bc68e957bf38d5c1f98852155e4146bd1e4121adea81f4f01e4", size = 196995, upload-time = "2026-04-27T13:37:15.544Z" }
wheels = [
    { url = "https://files.pythonhosted.org/packages/ef/32/f2ce6d4cac3e55bc6173f92dbe627e782e1850f89d986c3606feb63aafa7/greenlet-3.5.0-cp312-cp312-macosx_11_0_universal2.whl", hash = "sha256:db2910d3c809444e0a20147361f343fe2798e106af8d9d8506f5305302655a9f", size = 286228, upload-time = "2026-04-27T12:20:34.421Z" },
    { url = "https://files.pythonhosted.org/packages/b7/aa/caed9e5adf742315fc7be2a84196373aab4816e540e38ba0d76cb7584d68/greenlet-3.5.0-cp312-cp312-manylinux_2_24_aarch64.manylinux_2_28_aarch64.whl", hash = "sha256:3ec9ea74e7268ace7f9aab1b1a4e730193fc661b39a993cd91c606c32d4a3628", size = 601775, upload-time = "2026-04-27T12:52:41.045Z" },
    { url = "https://files.pythonhosted.org/packages/c7/af/90ae08497400a941595d12774447f752d3dfe0fbb012e35b76bc5c0ff37e/greenlet-3.5.0-cp312-cp312-manylinux_2_24_ppc64le.manylinux_2_28_ppc64le.whl", hash = "sha256:54d243512da35485fc7a6bf3c178fdda6327a9d6506fcdd62b1abd1e41b2927b", size = 614436, upload-time = "2026-04-27T12:59:41.595Z" },
    { url = "https://files.pythonhosted.org/packages/3f/e9/4eeadf8cb3403ac274245ba75f07844abc7fa5f6787583fc9156ba741e0f/greenlet-3.5.0-cp312-cp312-manylinux_2_24_s390x.manylinux_2_28_s390x.whl", hash = "sha256:41353ec2ecedf7aa8f682753a41919f8718031a6edac46b8d3dc7ed9e1ceb136", size = 620610, upload-time = "2026-04-27T13:02:39.194Z" },
    { url = "https://files.pythonhosted.org/packages/2b/e0/2e13df68f367e2f9960616927d60857dd7e56aaadd59a47c644216b2f920/greenlet-3.5.0-cp312-cp312-manylinux_2_24_x86_64.manylinux_2_28_x86_64.whl", hash = "sha256:9d280a7f5c331622c69f97eb167f33577ff2d1df282c41cd15907fc0a3ca198c", size = 611388, upload-time = "2026-04-27T12:25:28.008Z" },
    { url = "https://files.pythonhosted.org/packages/ee/ef/f913b3c0eb7d26d86a2401c5e1546c9d46b657efee724b06f6f4ac5d8824/greenlet-3.5.0-cp312-cp312-manylinux_2_39_riscv64.whl", hash = "sha256:58c1c374fe2b3d852f9b6b11a7dff4c85404e51b9a596fd9e89cf904eb09866d", size = 422775, upload-time = "2026-04-27T13:05:14.261Z" },
    { url = "https://files.pythonhosted.org/packages/82/f7/393c64055132ac0d488ef6be549253b7e6274194863967ddc0bc8f5b87b8/greenlet-3.5.0-cp312-cp312-musllinux_1_2_aarch64.whl", hash = "sha256:1eb67d5adefb5bd2e182d42678a328979a209e4e82eb93575708185d31d1f588", size = 1570768, upload-time = "2026-04-27T12:53:28.099Z" },
    { url = "https://files.pythonhosted.org/packages/b8/4b/eaf7735253522cf56d1b74d672a58f54fc114702ceaf05def59aae72f6e1/greenlet-3.5.0-cp312-cp312-musllinux_1_2_x86_64.whl", hash = "sha256:2628d6c86f6cb0cb45e0c3c54058bbec559f57eaae699447748cb3928150577e", size = 1635983, upload-time = "2026-04-27T12:25:26.903Z" },
    { url = "https://files.pythonhosted.org/packages/4c/fe/4fb3a0805bd5165da5ebf858da7cc01cce8061674106d2cf5bdab32cbfde/greenlet-3.5.0-cp312-cp312-win_amd64.whl", hash = "sha256:d4d9f0624c775f2dfc56ba54d515a8c771044346852a918b405914f6b19d7fd8", size = 238840, upload-time = "2026-04-27T12:23:54.806Z" },
    { url = "https://files.pythonhosted.org/packages/cb/cb/baa584cb00532126ffe12d9787db0a60c5a4f55c27bfe2666df5d4c30a32/greenlet-3.5.0-cp312-cp312-win_arm64.whl", hash = "sha256:83ed9f27f1680b50e89f40f6df348a290ea234b249a4003d366663a12eab94f2", size = 235615, upload-time = "2026-04-27T12:21:38.57Z" },
]

[[package]]
name = "msgpack"
version = "1.1.2"
source = { registry = "https://pypi.org/simple" }
sdist = { url = "https://files.pythonhosted.org/packages/4d/f2/bfb55a6236ed8725a96b0aa3acbd0ec17588e6a2c3b62a93eb513ed8783f/msgpack-1.1.2.tar.gz", hash = "sha256:3b60763c1373dd60f398488069bcdc703cd08a711477b5d480eecc9f9626f47e", size = 173581, upload-time = "2025-10-08T09:15:56.596Z" }
wheels = [
    { url = "https://files.pythonhosted.org/packages/ad/bd/8b0d01c756203fbab65d265859749860682ccd2a59594609aeec3a144efa/msgpack-1.1.2-cp312-cp312-macosx_10_13_x86_64.whl", hash = "sha256:70a0dff9d1f8da25179ffcf880e10cf1aad55fdb63cd59c9a49a1b82290062aa", size = 81939, upload-time = "2025-10-08T09:15:01.472Z" },
    { url = "https://files.pythonhosted.org/packages/34/68/ba4f155f793a74c1483d4bdef136e1023f7bcba557f0db4ef3db3c665cf1/msgpack-1.1.2-cp312-cp312-macosx_11_0_arm64.whl", hash = "sha256:446abdd8b94b55c800ac34b102dffd2f6aa0ce643c55dfc017ad89347db3dbdb", size = 85064, upload-time = "2025-10-08T09:15:03.764Z" },
    { url = "https://files.pythonhosted.org/packages/f2/60/a064b0345fc36c4c3d2c743c82d9100c40388d77f0b48b2f04d6041dbec1/msgpack-1.1.2-cp312-cp312-manylinux2014_aarch64.manylinux_2_17_aarch64.manylinux_2_28_aarch64.whl", hash = "sha256:c63eea553c69ab05b6747901b97d620bb2a690633c77f23feb0c6a947a8a7b8f", size = 417131, upload-time = "2025-10-08T09:15:05.136Z" },
    { url = "https://files.pythonhosted.org/packages/65/92/a5100f7185a800a5d29f8d14041f61475b9de465ffcc0f3b9fba606e4505/msgpack-1.1.2-cp312-cp312-manylinux2014_x86_64.manylinux_2_17_x86_64.manylinux_2_28_x86_64.whl", hash = "sha256:372839311ccf6bdaf39b00b61288e0557916c3729529b301c52c2d88842add42", size = 427556, upload-time = "2025-10-08T09:15:06.837Z" },
    { url = "https://files.pythonhosted.org/packages/f5/87/ffe21d1bf7d9991354ad93949286f643b2bb6ddbeab66373922b44c3b8cc/msgpack-1.1.2-cp312-cp312-musllinux_1_2_aarch64.whl", hash = "sha256:2929af52106ca73fcb28576218476ffbb531a036c2adbcf54a3664de124303e9", size = 404920, upload-time = "2025-10-08T09:15:08.179Z" },
    { url = "https://files.pythonhosted.org/packages/ff/41/8543ed2b8604f7c0d89ce066f42007faac1eaa7d79a81555f206a5cdb889/msgpack-1.1.2-cp312-cp312-musllinux_1_2_x86_64.whl", hash = "sha256:be52a8fc79e45b0364210eef5234a7cf8d330836d0a64dfbb878efa903d84620", size = 415013, upload-time = "2025-10-08T09:15:09.83Z" },
    { url = "https://files.pythonhosted.org/packages/41/0d/2ddfaa8b7e1cee6c490d46cb0a39742b19e2481600a7a0e96537e9c22f43/msgpack-1.1.2-cp312-cp312-win32.whl", hash = "sha256:1fff3d825d7859ac888b0fbda39a42d59193543920eda9d9bea44d958a878029", size = 65096, upload-time = "2025-10-08T09:15:11.11Z" },
    { url = "https://files.pythonhosted.org/packages/8c/ec/d431eb7941fb55a31dd6ca3404d41fbb52d99172df2e7707754488390910/msgpack-1.1.2-cp312-cp312-win_amd64.whl", hash = "sha256:1de460f0403172cff81169a30b9a92b260cb809c4cb7e2fc79ae8d0510c78b6b", size = 72708, upload-time = "2025-10-08T09:15:12.554Z" },
    { url = "https://files.pythonhosted.org/packages/c5/31/5b1a1f70eb0e87d1678e9624908f86317787b536060641d6798e3cf70ace/msgpack-1.1.2-cp312-cp312-win_arm64.whl", hash = "sha256:be5980f3ee0e6bd44f3a9e9dea01054f175b50c3e6cdb692bc9424c0bbb8bf69", size = 64119, upload-time = "2025-10-08T09:15:13.589Z" },
]

[[package]]
name = "nvim"
version = "0.1.0"
source = { editable = "." }
dependencies = [
    { name = "pip" },
    { name = "pynvim" },
]

[package.metadata]
requires-dist = [
    { name = "pip", specifier = ">=26.0" },
    { name = "pynvim", specifier = ">=0.5.2" },
]

[[package]]
name = "pip"
version = "26.1.1"
source = { registry = "https://pypi.org/simple" }
sdist = { url = "https://files.pythonhosted.org/packages/b6/48/cb9b7a682f6fe01a4221e1728941dd4ac3cd9090a17db3779d6ff490b602/pip-26.1.1.tar.gz", hash = "sha256:d36762751d156a4ee895de8af39aa0abeeeb577f93a2eca6ab62467bbf0f8a78", size = 1840400, upload-time = "2026-05-04T19:02:21.248Z" }
wheels = [
    { url = "https://files.pythonhosted.org/packages/3a/eb/fea4d1d51c49832120f7f285d07306db3960f423a2612c6057caf3e8196f/pip-26.1.1-py3-none-any.whl", hash = "sha256:99cb1c2899893b075ff56e4ed0af55669a955b49ad7fb8d8603ecdaf4ed653fb", size = 1812777, upload-time = "2026-05-04T19:02:18.9Z" },
]

[[package]]
name = "pynvim"
version = "0.6.0"
source = { registry = "https://pypi.org/simple" }
dependencies = [
    { name = "greenlet", marker = "platform_python_implementation != 'PyPy'" },
    { name = "msgpack" },
]
sdist = { url = "https://files.pythonhosted.org/packages/04/d7/c4412e6219661fd8689cdd9553988f8ea38c151067d70c49436977688aa9/pynvim-0.6.0.tar.gz", hash = "sha256:0ffcb879322d08f9e9061e1123dd58ba3a5ccfbd4999bb1157bac525822aa590", size = 51478, upload-time = "2025-09-07T18:35:37.601Z" }
wheels = [
    { url = "https://files.pythonhosted.org/packages/54/2d/c28b9293975ed9ee05e52f1d316cb402ba6edb232baa0497754a70182ca2/pynvim-0.6.0-py3-none-any.whl", hash = "sha256:29f92ff3fde9e52c263e6bfd7f30345be05bfc7b5c21484da1cc38a8d8e5e98f", size = 47633, upload-time = "2025-09-07T18:35:36.348Z" },
]
